
Microsoft Visual Studio Solution File, Format Version 12.00
# Visual Studio Version 17
VisualStudioVersion = 17.5.002.0
MinimumVisualStudioVersion = 10.0.40219.1
Project("{9A19103F-16F7-4668-BE54-9A1E7A4F7556}") = "YMCL - Backup.Main", "YMCL - Backup.Main.csproj", "{F0A1B642-0D00-4E4D-95E5-E4339F053793}"
EndProject
Project("{9A19103F-16F7-4668-BE54-9A1E7A4F7556}") = "YMCL.Main", "YMCL.Main.csproj", "{2C422F9D-974D-4125-8DD6-0A91F6DC31C4}"
EndProject
Global
	GlobalSection(SolutionConfigurationPlatforms) = preSolution
		Debug|Any CPU = Debug|Any CPU
		Release|Any CPU = Release|Any CPU
	EndGlobalSection
	GlobalSection(ProjectConfigurationPlatforms) = postSolution
		{F0A1B642-0D00-4E4D-95E5-E4339F053793}.Debug|Any CPU.ActiveCfg = Debug|Any CPU
		{F0A1B642-0D00-4E4D-95E5-E4339F053793}.Debug|Any CPU.Build.0 = Debug|Any CPU
		{F0A1B642-0D00-4E4D-95E5-E4339F053793}.Release|Any CPU.ActiveCfg = Release|Any CPU
		{F0A1B642-0D00-4E4D-95E5-E4339F053793}.Release|Any CPU.Build.0 = Release|Any CPU
		{2C422F9D-974D-4125-8DD6-0A91F6DC31C4}.Debug|Any CPU.ActiveCfg = Debug|Any CPU
		{2C422F9D-974D-4125-8DD6-0A91F6DC31C4}.Debug|Any CPU.Build.0 = Debug|Any CPU
		{2C422F9D-974D-4125-8DD6-0A91F6DC31C4}.Release|Any CPU.ActiveCfg = Release|Any CPU
		{2C422F9D-974D-4125-8DD6-0A91F6DC31C4}.Release|Any CPU.Build.0 = Release|Any CPU
	EndGlobalSection
	GlobalSection(SolutionProperties) = preSolution
		HideSolutionNode = FALSE
	EndGlobalSection
	GlobalSection(ExtensibilityGlobals) = postSolution
		SolutionGuid = {715556F2-43A2-4F41-859B-20CD6C1D035B}
	EndGlobalSection
EndGlobal
